
Microsoft Visual Studio Solution File, Format Version 12.00
# Visual Studio 14
VisualStudioVersion = 14.0.24720.0
MinimumVisualStudioVersion = 10.0.40219.1
Project("{262852C6-CD72-467D-83FE-5EEB1973A190}") = "GroupGenius", "GroupGenius\GroupGenius.jsproj", "{D4B1EB62-610C-463B-84D9-50F5B07DA1CB}"
EndProject
Project("{FAE04EC0-301F-11D3-BF4B-00C04F79EFBC}") = "GroupGenius.Svc", "GroupGenius.Svc\GroupGenius.Svc.csproj", "{5856CBAF-DEF8-4914-9A11-99009D160667}"
EndProject
Global
	GlobalSection(SolutionConfigurationPlatforms) = preSolution
		Debug|Android = Debug|Android
		Debug|Any CPU = Debug|Any CPU
		Debug|iOS = Debug|iOS
		Debug|Windows Phone (Universal) = Debug|Windows Phone (Universal)
		Debug|Windows Phone 8 = Debug|Windows Phone 8
		Debug|Windows-AnyCPU = Debug|Windows-AnyCPU
		Debug|Windows-ARM = Debug|Windows-ARM
		Debug|Windows-x64 = Debug|Windows-x64
		Debug|Windows-x86 = Debug|Windows-x86
		Release|Android = Release|Android
		Release|Any CPU = Release|Any CPU
		Release|iOS = Release|iOS
		Release|Windows Phone (Universal) = Release|Windows Phone (Universal)
		Release|Windows Phone 8 = Release|Windows Phone 8
		Release|Windows-AnyCPU = Release|Windows-AnyCPU
		Release|Windows-ARM = Release|Windows-ARM
		Release|Windows-x64 = Release|Windows-x64
		Release|Windows-x86 = Release|Windows-x86
	EndGlobalSection
	GlobalSection(ProjectConfigurationPlatforms) = postSolution
		{D4B1EB62-610C-463B-84D9-50F5B07DA1CB}.Debug|Android.ActiveCfg = Debug|Android
		{D4B1EB62-610C-463B-84D9-50F5B07DA1CB}.Debug|Android.Build.0 = Debug|Android
		{D4B1EB62-610C-463B-84D9-50F5B07DA1CB}.Debug|Android.Deploy.0 = Debug|Android
		{D4B1EB62-610C-463B-84D9-50F5B07DA1CB}.Debug|Any CPU.ActiveCfg = Debug|Android
		{D4B1EB62-610C-463B-84D9-50F5B07DA1CB}.Debug|iOS.ActiveCfg = Debug|iOS
		{D4B1EB62-610C-463B-84D9-50F5B07DA1CB}.Debug|iOS.Build.0 = Debug|iOS
		{D4B1EB62-610C-463B-84D9-50F5B07DA1CB}.Debug|iOS.Deploy.0 = Debug|iOS
		{D4B1EB62-610C-463B-84D9-50F5B07DA1CB}.Debug|Windows Phone (Universal).ActiveCfg = Debug|Windows Phone (Universal)
		{D4B1EB62-610C-463B-84D9-50F5B07DA1CB}.Debug|Windows Phone (Universal).Build.0 = Debug|Windows Phone (Universal)
		{D4B1EB62-610C-463B-84D9-50F5B07DA1CB}.Debug|Windows Phone (Universal).Deploy.0 = Debug|Windows Phone (Universal)
		{D4B1EB62-610C-463B-84D9-50F5B07DA1CB}.Debug|Windows Phone 8.ActiveCfg = Debug|Windows Phone 8
		{D4B1EB62-610C-463B-84D9-50F5B07DA1CB}.Debug|Windows Phone 8.Build.0 = Debug|Windows Phone 8
		{D4B1EB62-610C-463B-84D9-50F5B07DA1CB}.Debug|Windows Phone 8.Deploy.0 = Debug|Windows Phone 8
		{D4B1EB62-610C-463B-84D9-50F5B07DA1CB}.Debug|Windows-AnyCPU.ActiveCfg = Debug|Windows-AnyCPU
		{D4B1EB62-610C-463B-84D9-50F5B07DA1CB}.Debug|Windows-AnyCPU.Build.0 = Debug|Windows-AnyCPU
		{D4B1EB62-610C-463B-84D9-50F5B07DA1CB}.Debug|Windows-AnyCPU.Deploy.0 = Debug|Windows-AnyCPU
		{D4B1EB62-610C-463B-84D9-50F5B07DA1CB}.Debug|Windows-ARM.ActiveCfg = Debug|Windows-ARM
		{D4B1EB62-610C-463B-84D9-50F5B07DA1CB}.Debug|Windows-ARM.Build.0 = Debug|Windows-ARM
		{D4B1EB62-610C-463B-84D9-50F5B07DA1CB}.Debug|Windows-ARM.Deploy.0 = Debug|Windows-ARM
		{D4B1EB62-610C-463B-84D9-50F5B07DA1CB}.Debug|Windows-x64.ActiveCfg = Debug|Windows-x64
		{D4B1EB62-610C-463B-84D9-50F5B07DA1CB}.Debug|Windows-x64.Build.0 = Debug|Windows-x64
		{D4B1EB62-610C-463B-84D9-50F5B07DA1CB}.Debug|Windows-x64.Deploy.0 = Debug|Windows-x64
		{D4B1EB62-610C-463B-84D9-50F5B07DA1CB}.Debug|Windows-x86.ActiveCfg = Debug|Windows-x86
		{D4B1EB62-610C-463B-84D9-50F5B07DA1CB}.Debug|Windows-x86.Build.0 = Debug|Windows-x86
		{D4B1EB62-610C-463B-84D9-50F5B07DA1CB}.Debug|Windows-x86.Deploy.0 = Debug|Windows-x86
		{D4B1EB62-610C-463B-84D9-50F5B07DA1CB}.Release|Android.ActiveCfg = Release|Android
		{D4B1EB62-610C-463B-84D9-50F5B07DA1CB}.Release|Android.Build.0 = Release|Android
		{D4B1EB62-610C-463B-84D9-50F5B07DA1CB}.Release|Android.Deploy.0 = Release|Android
		{D4B1EB62-610C-463B-84D9-50F5B07DA1CB}.Release|Any CPU.ActiveCfg = Release|Android
		{D4B1EB62-610C-463B-84D9-50F5B07DA1CB}.Release|iOS.ActiveCfg = Release|iOS
		{D4B1EB62-610C-463B-84D9-50F5B07DA1CB}.Release|iOS.Build.0 = Release|iOS
		{D4B1EB62-610C-463B-84D9-50F5B07DA1CB}.Release|iOS.Deploy.0 = Release|iOS
		{D4B1EB62-610C-463B-84D9-50F5B07DA1CB}.Release|Windows Phone (Universal).ActiveCfg = Release|Windows Phone (Universal)
		{D4B1EB62-610C-463B-84D9-50F5B07DA1CB}.Release|Windows Phone (Universal).Build.0 = Release|Windows Phone (Universal)
		{D4B1EB62-610C-463B-84D9-50F5B07DA1CB}.Release|Windows Phone (Universal).Deploy.0 = Release|Windows Phone (Universal)
		{D4B1EB62-610C-463B-84D9-50F5B07DA1CB}.Release|Windows Phone 8.ActiveCfg = Release|Windows Phone 8
		{D4B1EB62-610C-463B-84D9-50F5B07DA1CB}.Release|Windows Phone 8.Build.0 = Release|Windows Phone 8
		{D4B1EB62-610C-463B-84D9-50F5B07DA1CB}.Release|Windows Phone 8.Deploy.0 = Release|Windows Phone 8
		{D4B1EB62-610C-463B-84D9-50F5B07DA1CB}.Release|Windows-AnyCPU.ActiveCfg = Release|Windows-AnyCPU
		{D4B1EB62-610C-463B-84D9-50F5B07DA1CB}.Release|Windows-AnyCPU.Build.0 = Release|Windows-AnyCPU
		{D4B1EB62-610C-463B-84D9-50F5B07DA1CB}.Release|Windows-AnyCPU.Deploy.0 = Release|Windows-AnyCPU
		{D4B1EB62-610C-463B-84D9-50F5B07DA1CB}.Release|Windows-ARM.ActiveCfg = Release|Windows-ARM
		{D4B1EB62-610C-463B-84D9-50F5B07DA1CB}.Release|Windows-ARM.Build.0 = Release|Windows-ARM
		{D4B1EB62-610C-463B-84D9-50F5B07DA1CB}.Release|Windows-ARM.Deploy.0 = Release|Windows-ARM
		{D4B1EB62-610C-463B-84D9-50F5B07DA1CB}.Release|Windows-x64.ActiveCfg = Release|Windows-x64
		{D4B1EB62-610C-463B-84D9-50F5B07DA1CB}.Release|Windows-x64.Build.0 = Release|Windows-x64
		{D4B1EB62-610C-463B-84D9-50F5B07DA1CB}.Release|Windows-x64.Deploy.0 = Release|Windows-x64
		{D4B1EB62-610C-463B-84D9-50F5B07DA1CB}.Release|Windows-x86.ActiveCfg = Release|Windows-x86
		{D4B1EB62-610C-463B-84D9-50F5B07DA1CB}.Release|Windows-x86.Build.0 = Release|Windows-x86
		{D4B1EB62-610C-463B-84D9-50F5B07DA1CB}.Release|Windows-x86.Deploy.0 = Release|Windows-x86
		{5856CBAF-DEF8-4914-9A11-99009D160667}.Debug|Android.ActiveCfg = Debug|Any CPU
		{5856CBAF-DEF8-4914-9A11-99009D160667}.Debug|Android.Build.0 = Debug|Any CPU
		{5856CBAF-DEF8-4914-9A11-99009D160667}.Debug|Any CPU.ActiveCfg = Debug|Any CPU
		{5856CBAF-DEF8-4914-9A11-99009D160667}.Debug|Any CPU.Build.0 = Debug|Any CPU
		{5856CBAF-DEF8-4914-9A11-99009D160667}.Debug|iOS.ActiveCfg = Debug|Any CPU
		{5856CBAF-DEF8-4914-9A11-99009D160667}.Debug|iOS.Build.0 = Debug|Any CPU
		{5856CBAF-DEF8-4914-9A11-99009D160667}.Debug|Windows Phone (Universal).ActiveCfg = Debug|Any CPU
		{5856CBAF-DEF8-4914-9A11-99009D160667}.Debug|Windows Phone (Universal).Build.0 = Debug|Any CPU
		{5856CBAF-DEF8-4914-9A11-99009D160667}.Debug|Windows Phone 8.ActiveCfg = Debug|Any CPU
		{5856CBAF-DEF8-4914-9A11-99009D160667}.Debug|Windows Phone 8.Build.0 = Debug|Any CPU
		{5856CBAF-DEF8-4914-9A11-99009D160667}.Debug|Windows-AnyCPU.ActiveCfg = Debug|Any CPU
		{5856CBAF-DEF8-4914-9A11-99009D160667}.Debug|Windows-AnyCPU.Build.0 = Debug|Any CPU
		{5856CBAF-DEF8-4914-9A11-99009D160667}.Debug|Windows-ARM.ActiveCfg = Debug|Any CPU
		{5856CBAF-DEF8-4914-9A11-99009D160667}.Debug|Windows-ARM.Build.0 = Debug|Any CPU
		{5856CBAF-DEF8-4914-9A11-99009D160667}.Debug|Windows-x64.ActiveCfg = Debug|Any CPU
		{5856CBAF-DEF8-4914-9A11-99009D160667}.Debug|Windows-x64.Build.0 = Debug|Any CPU
		{5856CBAF-DEF8-4914-9A11-99009D160667}.Debug|Windows-x86.ActiveCfg = Debug|Any CPU
		{5856CBAF-DEF8-4914-9A11-99009D160667}.Debug|Windows-x86.Build.0 = Debug|Any CPU
		{5856CBAF-DEF8-4914-9A11-99009D160667}.Release|Android.ActiveCfg = Release|Any CPU
		{5856CBAF-DEF8-4914-9A11-99009D160667}.Release|Android.Build.0 = Release|Any CPU
		{5856CBAF-DEF8-4914-9A11-99009D160667}.Release|Any CPU.ActiveCfg = Release|Any CPU
		{5856CBAF-DEF8-4914-9A11-99009D160667}.Release|Any CPU.Build.0 = Release|Any CPU
		{5856CBAF-DEF8-4914-9A11-99009D160667}.Release|iOS.ActiveCfg = Release|Any CPU
		{5856CBAF-DEF8-4914-9A11-99009D160667}.Release|iOS.Build.0 = Release|Any CPU
		{5856CBAF-DEF8-4914-9A11-99009D160667}.Release|Windows Phone (Universal).ActiveCfg = Release|Any CPU
		{5856CBAF-DEF8-4914-9A11-99009D160667}.Release|Windows Phone (Universal).Build.0 = Release|Any CPU
		{5856CBAF-DEF8-4914-9A11-99009D160667}.Release|Windows Phone 8.ActiveCfg = Release|Any CPU
		{5856CBAF-DEF8-4914-9A11-99009D160667}.Release|Windows Phone 8.Build.0 = Release|Any CPU
		{5856CBAF-DEF8-4914-9A11-99009D160667}.Release|Windows-AnyCPU.ActiveCfg = Release|Any CPU
		{5856CBAF-DEF8-4914-9A11-99009D160667}.Release|Windows-AnyCPU.Build.0 = Release|Any CPU
		{5856CBAF-DEF8-4914-9A11-99009D160667}.Release|Windows-ARM.ActiveCfg = Release|Any CPU
		{5856CBAF-DEF8-4914-9A11-99009D160667}.Release|Windows-ARM.Build.0 = Release|Any CPU
		{5856CBAF-DEF8-4914-9A11-99009D160667}.Release|Windows-x64.ActiveCfg = Release|Any CPU
		{5856CBAF-DEF8-4914-9A11-99009D160667}.Release|Windows-x64.Build.0 = Release|Any CPU
		{5856CBAF-DEF8-4914-9A11-99009D160667}.Release|Windows-x86.ActiveCfg = Release|Any CPU
		{5856CBAF-DEF8-4914-9A11-99009D160667}.Release|Windows-x86.Build.0 = Release|Any CPU
	EndGlobalSection
	GlobalSection(SolutionProperties) = preSolution
		HideSolutionNode = FALSE
	EndGlobalSection
EndGlobal
